
Microsoft Visual Studio Solution File, Format Version 12.00
# Visual Studio Version 16
VisualStudioVersion = 16.0.29905.134
MinimumVisualStudioVersion = 10.0.40219.1
Project("{FAE04EC0-301F-11D3-BF4B-00C04F79EFBC}") = "enigmaMachine", "enigmaMachine\enigmaMachine.csproj", "{FF327660-9BA0-4149-AD52-BF4E97D5B7BC}"
EndProject
Global
	GlobalSection(SolutionConfigurationPlatforms) = preSolution
		Debug|Any CPU = Debug|Any CPU
		Release|Any CPU = Release|Any CPU
	EndGlobalSection
	GlobalSection(ProjectConfigurationPlatforms) = postSolution
		{FF327660-9BA0-4149-AD52-BF4E97D5B7BC}.Debug|Any CPU.ActiveCfg = Debug|Any CPU
		{FF327660-9BA0-4149-AD52-BF4E97D5B7BC}.Debug|Any CPU.Build.0 = Debug|Any CPU
		{FF327660-9BA0-4149-AD52-BF4E97D5B7BC}.Release|Any CPU.ActiveCfg = Release|Any CPU
		{FF327660-9BA0-4149-AD52-BF4E97D5B7BC}.Release|Any CPU.Build.0 = Release|Any CPU
	EndGlobalSection
	GlobalSection(SolutionProperties) = preSolution
		HideSolutionNode = FALSE
	EndGlobalSection
	GlobalSection(ExtensibilityGlobals) = postSolution
		SolutionGuid = {48E2ABD3-972E-432C-8EBA-E4865B85CB32}
	EndGlobalSection
EndGlobal
